
Microsoft Visual Studio Solution File, Format Version 12.00
# Visual Studio Version 17
VisualStudioVersion = 17.0.31903.59
MinimumVisualStudioVersion = 10.0.40219.1
Project("{2150E333-8FDC-42A3-9474-1A3956D46DE8}") = "src", "src", "{827E0CD3-B72D-47B6-A68D-7590B98EB39B}"
EndProject
Project("{FAE04EC0-301F-11D3-BF4B-00C04F79EFBC}") = "pruebasenior.Application", "src\pruebasenior.Application\pruebasenior.Application.csproj", "{3F67D93E-2432-4C22-A474-128F3FEA111A}"
EndProject
Project("{FAE04EC0-301F-11D3-BF4B-00C04F79EFBC}") = "pruebasenior.Infrastructure", "src\pruebasenior.Infrastructure\pruebasenior.Infrastructure.csproj", "{A009EB68-C56B-410D-A118-2BCD8C41F3C1}"
EndProject
Project("{FAE04EC0-301F-11D3-BF4B-00C04F79EFBC}") = "pruebasenior.API", "src\pruebasenior.API\pruebasenior.API.csproj", "{FF132E93-1BB1-4EEC-84E2-642321DFDDCA}"
EndProject
Global
	GlobalSection(SolutionConfigurationPlatforms) = preSolution
		Debug|Any CPU = Debug|Any CPU
		Debug|x64 = Debug|x64
		Debug|x86 = Debug|x86
		Release|Any CPU = Release|Any CPU
		Release|x64 = Release|x64
		Release|x86 = Release|x86
	EndGlobalSection
	GlobalSection(ProjectConfigurationPlatforms) = postSolution
		{3F67D93E-2432-4C22-A474-128F3FEA111A}.Debug|Any CPU.ActiveCfg = Debug|Any CPU
		{3F67D93E-2432-4C22-A474-128F3FEA111A}.Debug|Any CPU.Build.0 = Debug|Any CPU
		{3F67D93E-2432-4C22-A474-128F3FEA111A}.Debug|x64.ActiveCfg = Debug|Any CPU
		{3F67D93E-2432-4C22-A474-128F3FEA111A}.Debug|x64.Build.0 = Debug|Any CPU
		{3F67D93E-2432-4C22-A474-128F3FEA111A}.Debug|x86.ActiveCfg = Debug|Any CPU
		{3F67D93E-2432-4C22-A474-128F3FEA111A}.Debug|x86.Build.0 = Debug|Any CPU
		{3F67D93E-2432-4C22-A474-128F3FEA111A}.Release|Any CPU.ActiveCfg = Release|Any CPU
		{3F67D93E-2432-4C22-A474-128F3FEA111A}.Release|Any CPU.Build.0 = Release|Any CPU
		{3F67D93E-2432-4C22-A474-128F3FEA111A}.Release|x64.ActiveCfg = Release|Any CPU
		{3F67D93E-2432-4C22-A474-128F3FEA111A}.Release|x64.Build.0 = Release|Any CPU
		{3F67D93E-2432-4C22-A474-128F3FEA111A}.Release|x86.ActiveCfg = Release|Any CPU
		{3F67D93E-2432-4C22-A474-128F3FEA111A}.Release|x86.Build.0 = Release|Any CPU
		{A009EB68-C56B-410D-A118-2BCD8C41F3C1}.Debug|Any CPU.ActiveCfg = Debug|Any CPU
		{A009EB68-C56B-410D-A118-2BCD8C41F3C1}.Debug|Any CPU.Build.0 = Debug|Any CPU
		{A009EB68-C56B-410D-A118-2BCD8C41F3C1}.Debug|x64.ActiveCfg = Debug|Any CPU
		{A009EB68-C56B-410D-A118-2BCD8C41F3C1}.Debug|x64.Build.0 = Debug|Any CPU
		{A009EB68-C56B-410D-A118-2BCD8C41F3C1}.Debug|x86.ActiveCfg = Debug|Any CPU
		{A009EB68-C56B-410D-A118-2BCD8C41F3C1}.Debug|x86.Build.0 = Debug|Any CPU
		{A009EB68-C56B-410D-A118-2BCD8C41F3C1}.Release|Any CPU.ActiveCfg = Release|Any CPU
		{A009EB68-C56B-410D-A118-2BCD8C41F3C1}.Release|Any CPU.Build.0 = Release|Any CPU
		{A009EB68-C56B-410D-A118-2BCD8C41F3C1}.Release|x64.ActiveCfg = Release|Any CPU
		{A009EB68-C56B-410D-A118-2BCD8C41F3C1}.Release|x64.Build.0 = Release|Any CPU
		{A009EB68-C56B-410D-A118-2BCD8C41F3C1}.Release|x86.ActiveCfg = Release|Any CPU
		{A009EB68-C56B-410D-A118-2BCD8C41F3C1}.Release|x86.Build.0 = Release|Any CPU
		{FF132E93-1BB1-4EEC-84E2-642321DFDDCA}.Debug|Any CPU.ActiveCfg = Debug|Any CPU
		{FF132E93-1BB1-4EEC-84E2-642321DFDDCA}.Debug|Any CPU.Build.0 = Debug|Any CPU
		{FF132E93-1BB1-4EEC-84E2-642321DFDDCA}.Debug|x64.ActiveCfg = Debug|Any CPU
		{FF132E93-1BB1-4EEC-84E2-642321DFDDCA}.Debug|x64.Build.0 = Debug|Any CPU
		{FF132E93-1BB1-4EEC-84E2-642321DFDDCA}.Debug|x86.ActiveCfg = Debug|Any CPU
		{FF132E93-1BB1-4EEC-84E2-642321DFDDCA}.Debug|x86.Build.0 = Debug|Any CPU
		{FF132E93-1BB1-4EEC-84E2-642321DFDDCA}.Release|Any CPU.ActiveCfg = Release|Any CPU
		{FF132E93-1BB1-4EEC-84E2-642321DFDDCA}.Release|Any CPU.Build.0 = Release|Any CPU
		{FF132E93-1BB1-4EEC-84E2-642321DFDDCA}.Release|x64.ActiveCfg = Release|Any CPU
		{FF132E93-1BB1-4EEC-84E2-642321DFDDCA}.Release|x64.Build.0 = Release|Any CPU
		{FF132E93-1BB1-4EEC-84E2-642321DFDDCA}.Release|x86.ActiveCfg = Release|Any CPU
		{FF132E93-1BB1-4EEC-84E2-642321DFDDCA}.Release|x86.Build.0 = Release|Any CPU
	EndGlobalSection
	GlobalSection(SolutionProperties) = preSolution
		HideSolutionNode = FALSE
	EndGlobalSection
	GlobalSection(NestedProjects) = preSolution
		{3F67D93E-2432-4C22-A474-128F3FEA111A} = {827E0CD3-B72D-47B6-A68D-7590B98EB39B}
		{A009EB68-C56B-410D-A118-2BCD8C41F3C1} = {827E0CD3-B72D-47B6-A68D-7590B98EB39B}
		{FF132E93-1BB1-4EEC-84E2-642321DFDDCA} = {827E0CD3-B72D-47B6-A68D-7590B98EB39B}
	EndGlobalSection
EndGlobal
